
Microsoft Visual Studio Solution File, Format Version 12.00
# Visual Studio Version 16
VisualStudioVersion = 16.0.32126.315
MinimumVisualStudioVersion = 10.0.40219.1
Project("{9A19103F-16F7-4668-BE54-9A1E7A4F7556}") = "Klarna.Payments.v3", "src\Klarna.Payments\Klarna.Payments.v3.csproj", "{D32786DF-E314-4E0D-A0DD-0047FA2316F9}"
EndProject
Project("{9A19103F-16F7-4668-BE54-9A1E7A4F7556}") = "Klarna.OrderManagement.v3", "src\Klarna.OrderManagement\Klarna.OrderManagement.v3.csproj", "{B6A17719-4F3C-42C5-8953-E6B64A6F13A3}"
EndProject
Project("{9A19103F-16F7-4668-BE54-9A1E7A4F7556}") = "Klarna.Common.v3", "src\Klarna.Common\Klarna.Common.v3.csproj", "{C5B383DF-10B4-4330-A000-F981DB51DA89}"
EndProject
Project("{9A19103F-16F7-4668-BE54-9A1E7A4F7556}") = "Klarna.Checkout.v3", "src\Klarna.Checkout\Klarna.Checkout.v3.csproj", "{DFE6AB6E-4A39-4EC6-AFA7-D5364A5FDEEB}"
EndProject
Global
	GlobalSection(SolutionConfigurationPlatforms) = preSolution
		Debug|Any CPU = Debug|Any CPU
		Release|Any CPU = Release|Any CPU
	EndGlobalSection
	GlobalSection(ProjectConfigurationPlatforms) = postSolution
		{D32786DF-E314-4E0D-A0DD-0047FA2316F9}.Debug|Any CPU.ActiveCfg = Debug|Any CPU
		{D32786DF-E314-4E0D-A0DD-0047FA2316F9}.Debug|Any CPU.Build.0 = Debug|Any CPU
		{D32786DF-E314-4E0D-A0DD-0047FA2316F9}.Release|Any CPU.ActiveCfg = Release|Any CPU
		{D32786DF-E314-4E0D-A0DD-0047FA2316F9}.Release|Any CPU.Build.0 = Release|Any CPU
		{B6A17719-4F3C-42C5-8953-E6B64A6F13A3}.Debug|Any CPU.ActiveCfg = Debug|Any CPU
		{B6A17719-4F3C-42C5-8953-E6B64A6F13A3}.Debug|Any CPU.Build.0 = Debug|Any CPU
		{B6A17719-4F3C-42C5-8953-E6B64A6F13A3}.Release|Any CPU.ActiveCfg = Release|Any CPU
		{B6A17719-4F3C-42C5-8953-E6B64A6F13A3}.Release|Any CPU.Build.0 = Release|Any CPU
		{C5B383DF-10B4-4330-A000-F981DB51DA89}.Debug|Any CPU.ActiveCfg = Debug|Any CPU
		{C5B383DF-10B4-4330-A000-F981DB51DA89}.Debug|Any CPU.Build.0 = Debug|Any CPU
		{C5B383DF-10B4-4330-A000-F981DB51DA89}.Release|Any CPU.ActiveCfg = Release|Any CPU
		{C5B383DF-10B4-4330-A000-F981DB51DA89}.Release|Any CPU.Build.0 = Release|Any CPU
		{DFE6AB6E-4A39-4EC6-AFA7-D5364A5FDEEB}.Debug|Any CPU.ActiveCfg = Debug|Any CPU
		{DFE6AB6E-4A39-4EC6-AFA7-D5364A5FDEEB}.Debug|Any CPU.Build.0 = Debug|Any CPU
		{DFE6AB6E-4A39-4EC6-AFA7-D5364A5FDEEB}.Release|Any CPU.ActiveCfg = Release|Any CPU
		{DFE6AB6E-4A39-4EC6-AFA7-D5364A5FDEEB}.Release|Any CPU.Build.0 = Release|Any CPU
	EndGlobalSection
	GlobalSection(SolutionProperties) = preSolution
		HideSolutionNode = FALSE
	EndGlobalSection
	GlobalSection(ExtensibilityGlobals) = postSolution
		SolutionGuid = {62D6428D-5C4D-46A0-8FD6-8954DC9F82A9}
	EndGlobalSection
EndGlobal
